{
    "_meta": {
        "hash": {
            "sha256": "7cfaceca6449eb4921333ebc6c18235fb97507857c9eb855236ce890d48b0ca7"
        },
        "pipfile-spec": 6,
        "requires": {
            "python_version": "3.11"
        },
        "sources": [
            {
                "name": "pypi",
                "url": "https://pypi.org/simple",
                "verify_ssl": true
            }
        ]
    },
    "default": {},
    "develop": {}
}
